
Microsoft Visual Studio Solution File, Format Version 12.00
# Visual Studio Version 16
VisualStudioVersion = 16.0.29403.142
MinimumVisualStudioVersion = 10.0.40219.1
Project("{FAE04EC0-301F-11D3-BF4B-00C04F79EFBC}") = "Extrabalho3", "Extrabalho3\Extrabalho3.csproj", "{F9BAC084-3781-4FEE-82BB-79516B204BBB}"
EndProject
Global
	GlobalSection(SolutionConfigurationPlatforms) = preSolution
		Debug|Any CPU = Debug|Any CPU
		Release|Any CPU = Release|Any CPU
	EndGlobalSection
	GlobalSection(ProjectConfigurationPlatforms) = postSolution
		{F9BAC084-3781-4FEE-82BB-79516B204BBB}.Debug|Any CPU.ActiveCfg = Debug|Any CPU
		{F9BAC084-3781-4FEE-82BB-79516B204BBB}.Debug|Any CPU.Build.0 = Debug|Any CPU
		{F9BAC084-3781-4FEE-82BB-79516B204BBB}.Release|Any CPU.ActiveCfg = Release|Any CPU
		{F9BAC084-3781-4FEE-82BB-79516B204BBB}.Release|Any CPU.Build.0 = Release|Any CPU
	EndGlobalSection
	GlobalSection(SolutionProperties) = preSolution
		HideSolutionNode = FALSE
	EndGlobalSection
	GlobalSection(ExtensibilityGlobals) = postSolution
		SolutionGuid = {1FAD4BF7-12D2-46D3-A19E-E0507230B2AD}
	EndGlobalSection
EndGlobal
