
Microsoft Visual Studio Solution File, Format Version 12.00
# Visual Studio Version 16
VisualStudioVersion = 16.0.29403.142
MinimumVisualStudioVersion = 10.0.40219.1
Project("{FAE04EC0-301F-11D3-BF4B-00C04F79EFBC}") = "Extrabalho2", "Extrabalho2\Extrabalho2.csproj", "{6C60E2DF-1DA9-46E8-B7F0-0AFBC040EAF9}"
EndProject
Global
	GlobalSection(SolutionConfigurationPlatforms) = preSolution
		Debug|Any CPU = Debug|Any CPU
		Release|Any CPU = Release|Any CPU
	EndGlobalSection
	GlobalSection(ProjectConfigurationPlatforms) = postSolution
		{6C60E2DF-1DA9-46E8-B7F0-0AFBC040EAF9}.Debug|Any CPU.ActiveCfg = Debug|Any CPU
		{6C60E2DF-1DA9-46E8-B7F0-0AFBC040EAF9}.Debug|Any CPU.Build.0 = Debug|Any CPU
		{6C60E2DF-1DA9-46E8-B7F0-0AFBC040EAF9}.Release|Any CPU.ActiveCfg = Release|Any CPU
		{6C60E2DF-1DA9-46E8-B7F0-0AFBC040EAF9}.Release|Any CPU.Build.0 = Release|Any CPU
	EndGlobalSection
	GlobalSection(SolutionProperties) = preSolution
		HideSolutionNode = FALSE
	EndGlobalSection
	GlobalSection(ExtensibilityGlobals) = postSolution
		SolutionGuid = {E03F6E3C-2858-40F3-A582-71C83DC32C7A}
	EndGlobalSection
EndGlobal
